{
  "name": "metropolis-agent-trust",
  "version": "1.0.0",
  "lockfileVersion": 3,
  "requires": true,
  "packages": {
    "": {
      "name": "metropolis-agent-trust",
      "version": "1.0.0",
      "license": "ISC",
      "dependencies": {
        "@envio-dev/hypersync-client": "^1.4.1"
      }
    },
    "node_modules/@envio-dev/hypersync-client": {
      "version": "1.4.1",
      "resolved": "https://registry.npmjs.org/@envio-dev/hypersync-client/-/hypersync-client-1.4.1.tgz",
      "integrity": "sha512-BZhMVeC8v6M13GgSqjltLf2jfbb6dUJ25X6NjlrxBGHThaBzzBQd1PKYew52Xd7LZLoNDP4HArEJbhb7kWTXEA==",
      "license": "MIT",
      "engines": {
        "node": ">= 10"
      },
      "optionalDependencies": {
        "@envio-dev/hypersync-client-darwin-arm64": "1.4.1",
        "@envio-dev/hypersync-client-darwin-x64": "1.4.1",
        "@envio-dev/hypersync-client-linux-arm64-gnu": "1.4.1",
        "@envio-dev/hypersync-client-linux-x64-gnu": "1.4.1",
        "@envio-dev/hypersync-client-linux-x64-musl": "1.4.1"
      }
    },
    "node_modules/@envio-dev/hypersync-client-darwin-arm64": {
      "version": "1.4.1",
      "resolved": "https://registry.npmjs.org/@envio-dev/hypersync-client-darwin-arm64/-/hypersync-client-darwin-arm64-1.4.1.tgz",
      "integrity": "sha512-dSIHXpuZR4/yGcnwrhjbT/gcgbBAnJy9u0QwBvJG1voDjUzgDZBjIoj8oDZssUOHApvTmIJFwVDsOyOwblnwHw==",
      "cpu": [
        "arm64"
      ],
      "license": "MIT",
      "optional": true,
      "os": [
        "darwin"
      ],
      "engines": {
        "node": ">= 10"
      }
    },
    "node_modules/@envio-dev/hypersync-client-darwin-x64": {
      "version": "1.4.1",
      "resolved": "https://registry.npmjs.org/@envio-dev/hypersync-client-darwin-x64/-/hypersync-client-darwin-x64-1.4.1.tgz",
      "integrity": "sha512-KVvt8SkltLpzp9vGjhKVoSFCV3gH5FT/QpLmObjEvRj1lDBIbqGktaBcA1B/wdV7Jk64BKGNMx/GoCm2Ndr7dg==",
      "cpu": [
        "x64"
      ],
      "license": "MIT",
      "optional": true,
      "os": [
        "darwin"
      ],
      "engines": {
        "node": ">= 10"
      }
    },
    "node_modules/@envio-dev/hypersync-client-linux-arm64-gnu": {
      "version": "1.4.1",
      "resolved": "https://registry.npmjs.org/@envio-dev/hypersync-client-linux-arm64-gnu/-/hypersync-client-linux-arm64-gnu-1.4.1.tgz",
      "integrity": "sha512-o9t1742PpHV/Z0I9K1mGGbiTGGzvC8dVOeNzeTVkYNoUn5JZDRuKkVrRtDwH/yVHCXlXzMuC/dIbgA6ws1/LRA==",
      "cpu": [
        "arm64"
      ],
      "license": "MIT",
      "optional": true,
      "os": [
        "linux"
      ],
      "engines": {
        "node": ">= 10"
      }
    },
    "node_modules/@envio-dev/hypersync-client-linux-x64-gnu": {
      "version": "1.4.1",
      "resolved": "https://registry.npmjs.org/@envio-dev/hypersync-client-linux-x64-gnu/-/hypersync-client-linux-x64-gnu-1.4.1.tgz",
      "integrity": "sha512-AF8tvZksKWafNbw40sZ8yf8hUxNci+ES0y9Si67+1yLfEIPFsgCd95LJPg1Jt4S493J34aObFvlfQKXS2n+kzQ==",
      "cpu": [
        "x64"
      ],
      "license": "MIT",
      "optional": true,
      "os": [
        "linux"
      ],
      "engines": {
        "node": ">= 10"
      }
    },
    "node_modules/@envio-dev/hypersync-client-linux-x64-musl": {
      "version": "1.4.1",
      "resolved": "https://registry.npmjs.org/@envio-dev/hypersync-client-linux-x64-musl/-/hypersync-client-linux-x64-musl-1.4.1.tgz",
      "integrity": "sha512-rCi06vwwZhV+mHwujInaEBu+pNNsv/VRC9TNtgaqibzT6tcbsx1hado+feDwmC7XZ47VyKL/rBqwT0aDo/JNaA==",
      "cpu": [
        "x64"
      ],
      "license": "MIT",
      "optional": true,
      "os": [
        "linux"
      ],
      "engines": {
        "node": ">= 10"
      }
    }
  }
}
